// !$*UTF8*$!
{
	archiveVersion = 1;
	classes = {
	};
	objectVersion = 46;
	objects = {

/* Begin PBXFileReference section */
		0717DB7B1C5BB00C00F0F29D /* TareaJM.playground */ = {isa = PBXFileReference; lastKnownFileType = file.playground; path = TareaJM.playground; sourceTree = "<group>"; };
/* End PBXFileReference section */

/* Begin PBXGroup section */
		075335981C5A7FAC00DCAD1A = {
			isa = PBXGroup;
			children = (
				0717DB7B1C5BB00C00F0F29D /* TareaJM.playground */,
			);
			sourceTree = "<group>";
		};
/* End PBXGroup section */

/* Begin PBXProject section */
		075335991C5A7FAC00DCAD1A /* Project object */ = {
			isa = PBXProject;
			attributes = {
				LastUpgradeCheck = 0720;
			};
			buildConfigurationList = 0753359C1C5A7FAC00DCAD1A /* Build configuration list for PBXProject "Tarea" */;
			compatibilityVersion = "Xcode 3.2";
			developmentRegion = English;
			hasScannedForEncodings = 0;
			knownRegions = (
				en,
			);
			mainGroup = 075335981C5A7FAC00DCAD1A;
			projectDirPath = "";
			projectRoot = "";
			targets = (
			);
		};
/* End PBXProject section */

/* Begin XCBuildConfiguration section */
		0753359D1C5A7FAC00DCAD1A /* Debug */ = {
			isa = XCBuildConfiguration;
			buildSettings = {
			};
			name = Debug;
		};
		0753359E1C5A7FAC00DCAD1A /* Release */ = {
			isa = XCBuildConfiguration;
			buildSettings = {
			};
			name = Release;
		};
/* End XCBuildConfiguration section */

/* Begin XCConfigurationList section */
		0753359C1C5A7FAC00DCAD1A /* Build configuration list for PBXProject "Tarea" */ = {
			isa = XCConfigurationList;
			buildConfigurations = (
				0753359D1C5A7FAC00DCAD1A /* Debug */,
				0753359E1C5A7FAC00DCAD1A /* Release */,
			);
			defaultConfigurationIsVisible = 0;
			defaultConfigurationName = Release;
		};
/* End XCConfigurationList section */
	};
	rootObject = 075335991C5A7FAC00DCAD1A /* Project object */;
}
